{
  "pins" : [
    {
      "identity" : "appauth-ios",
      "kind" : "remoteSourceControl",
      "location" : "https://github.com/openid/AppAuth-iOS.git",
      "state" : {
        "revision" : "71cde449f13d453227e687458144bde372d30fc7",
        "version" : "1.6.2"
      }
    },
    {
      "identity" : "countrypicker",
      "kind" : "remoteSourceControl",
      "location" : "https://github.com/SURYAKANTSHARMA/CountryPicker.git",
      "state" : {
        "revision" : "3f3383fd2767ffffb0119b40ed4404fb60100872",
        "version" : "2.1.0"
      }
    },
    {
      "identity" : "drops",
      "kind" : "remoteSourceControl",
      "location" : "https://github.com/omaralbeik/Drops.git",
      "state" : {
        "revision" : "f4eabe3e4e5da69e5205a69a5ddc0effd4a90519",
        "version" : "1.6.1"
      }
    },
    {
      "identity" : "fscalendar",
      "kind" : "remoteSourceControl",
      "location" : "https://github.com/WenchaoD/FSCalendar",
      "state" : {
        "revision" : "0fbdec5172fccb90f707472eeaea4ffe095278f6",
        "version" : "2.8.4"
      }
    },
    {
      "identity" : "googlesignin-ios",
      "kind" : "remoteSourceControl",
      "location" : "https://github.com/google/GoogleSignIn-iOS",
      "state" : {
        "revision" : "7932d33686c1dc4d7df7a919aae47361d1cdfda4",
        "version" : "7.0.0"
      }
    },
    {
      "identity" : "gtm-session-fetcher",
      "kind" : "remoteSourceControl",
      "location" : "https://github.com/google/gtm-session-fetcher.git",
      "state" : {
        "revision" : "d415594121c9e8a4f9d79cecee0965cf35e74dbd",
        "version" : "3.1.1"
      }
    },
    {
      "identity" : "gtmappauth",
      "kind" : "remoteSourceControl",
      "location" : "https://github.com/google/GTMAppAuth.git",
      "state" : {
        "revision" : "cee3c709307912d040bd1e06ca919875a92339c6",
        "version" : "2.0.0"
      }
    },
    {
      "identity" : "horizoncalendar",
      "kind" : "remoteSourceControl",
      "location" : "https://github.com/airbnb/HorizonCalendar.git",
      "state" : {
        "branch" : "master",
        "revision" : "f021fcd91800157e3ea82ad7574300783b927081"
      }
    },
    {
      "identity" : "kingfisher",
      "kind" : "remoteSourceControl",
      "location" : "https://github.com/onevcat/Kingfisher.git",
      "state" : {
        "revision" : "c1f60c63f356d364f4284ba82961acbe7de79bcc",
        "version" : "7.8.1"
      }
    },
    {
      "identity" : "loaderui",
      "kind" : "remoteSourceControl",
      "location" : "https://github.com/ninjaprox/LoaderUI",
      "state" : {
        "revision" : "90ca7c0f9086d48c37057d7b71a1b1332d5c58e4",
        "version" : "0.1.0"
      }
    },
    {
      "identity" : "loadingbutton",
      "kind" : "remoteSourceControl",
      "location" : "https://github.com/Changemin/LoadingButton",
      "state" : {
        "revision" : "5045668df822a04c248a9b40aca888a4d37f275a",
        "version" : "1.1.2"
      }
    },
    {
      "identity" : "lottie-ios",
      "kind" : "remoteSourceControl",
      "location" : "https://github.com/airbnb/lottie-ios",
      "state" : {
        "revision" : "3f1202f254ad5d71f6c5b518ed2d6b9e2abe6969",
        "version" : "4.3.4"
      }
    },
    {
      "identity" : "popupview",
      "kind" : "remoteSourceControl",
      "location" : "https://github.com/exyte/PopupView.git",
      "state" : {
        "revision" : "5724e89ce2e81f79ccfc1fabaaf5c42473234aef",
        "version" : "2.6.3"
      }
    },
    {
      "identity" : "swift-markdown-ui",
      "kind" : "remoteSourceControl",
      "location" : "https://github.com/gonzalezreal/swift-markdown-ui",
      "state" : {
        "revision" : "12b351a75201a8124c2f2e1f9fc6ef5cd812c0b9",
        "version" : "2.1.0"
      }
    },
    {
      "identity" : "swiftui-shimmer",
      "kind" : "remoteSourceControl",
      "location" : "https://github.com/markiv/SwiftUI-Shimmer.git",
      "state" : {
        "revision" : "1f3a620e4abe890d00008cb2af7023d810b433a7",
        "version" : "1.4.0"
      }
    },
    {
      "identity" : "swiftuicalendar",
      "kind" : "remoteSourceControl",
      "location" : "https://github.com/GGJJack/SwiftUICalendar",
      "state" : {
        "revision" : "7ecd220909bc25529e35e2addb513a20abbfec82",
        "version" : "0.1.14"
      }
    },
    {
      "identity" : "swiftuichipgroup",
      "kind" : "remoteSourceControl",
      "location" : "https://github.com/Open-Bytes/SwiftUIChipGroup",
      "state" : {
        "revision" : "11ce46abfeccd894cd94bcf98034f16eafb3be35",
        "version" : "0.1.0"
      }
    },
    {
      "identity" : "url-image",
      "kind" : "remoteSourceControl",
      "location" : "https://github.com/dmytro-anokhin/url-image",
      "state" : {
        "revision" : "4042f955f1fdff00ced85545e1eecdbf969b5cd0",
        "version" : "3.1.1"
      }
    }
  ],
  "version" : 2
}
